// !$*UTF8*$!
{
	archiveVersion = 1;
	classes = {
	};
	objectVersion = 46;
	objects = {

/* Begin PBXGroup section */
		6772A9CC17DFB7F10057CFC4 = {
			isa = PBXGroup;
			children = (
			);
			sourceTree = "<group>";
		};
/* End PBXGroup section */

/* Begin PBXProject section */
		6772A9CD17DFB7F10057CFC4 /* Project object */ = {
			isa = PBXProject;
			attributes = {
				LastUpgradeCheck = 0460;
			};
			buildConfigurationList = 6772A9D017DFB7F10057CFC4 /* Build configuration list for PBXProject "xcode-for-git" */;
			compatibilityVersion = "Xcode 3.2";
			developmentRegion = English;
			hasScannedForEncodings = 0;
			knownRegions = (
				en,
			);
			mainGroup = 6772A9CC17DFB7F10057CFC4;
			projectDirPath = "";
			projectRoot = "";
			targets = (
			);
		};
/* End PBXProject section */

/* Begin XCBuildConfiguration section */
		6772A9D117DFB7F10057CFC4 /* Debug */ = {
			isa = XCBuildConfiguration;
			buildSettings = {
			};
			name = Debug;
		};
		6772A9D217DFB7F10057CFC4 /* Release */ = {
			isa = XCBuildConfiguration;
			buildSettings = {
			};
			name = Release;
		};
/* End XCBuildConfiguration section */

/* Begin XCConfigurationList section */
		6772A9D017DFB7F10057CFC4 /* Build configuration list for PBXProject "xcode-for-git" */ = {
			isa = XCConfigurationList;
			buildConfigurations = (
				6772A9D117DFB7F10057CFC4 /* Debug */,
				6772A9D217DFB7F10057CFC4 /* Release */,
			);
			defaultConfigurationIsVisible = 0;
			defaultConfigurationName = Release;
		};
/* End XCConfigurationList section */
	};
	rootObject = 6772A9CD17DFB7F10057CFC4 /* Project object */;
}
